
Microsoft Visual Studio Solution File, Format Version 12.00
# Visual Studio Version 17
VisualStudioVersion = 17.9.34622.214
MinimumVisualStudioVersion = 10.0.40219.1
Project("{FAE04EC0-301F-11D3-BF4B-00C04F79EFBC}") = "RailConnect", "RailConnect.csproj", "{52A34617-FF68-42B9-9952-B68D632254AE}"
EndProject
Global
	GlobalSection(SolutionConfigurationPlatforms) = preSolution
		Debug|Any CPU = Debug|Any CPU
		Release|Any CPU = Release|Any CPU
	EndGlobalSection
	GlobalSection(ProjectConfigurationPlatforms) = postSolution
		{52A34617-FF68-42B9-9952-B68D632254AE}.Debug|Any CPU.ActiveCfg = Debug|Any CPU
		{52A34617-FF68-42B9-9952-B68D632254AE}.Debug|Any CPU.Build.0 = Debug|Any CPU
		{52A34617-FF68-42B9-9952-B68D632254AE}.Release|Any CPU.ActiveCfg = Release|Any CPU
		{52A34617-FF68-42B9-9952-B68D632254AE}.Release|Any CPU.Build.0 = Release|Any CPU
	EndGlobalSection
	GlobalSection(SolutionProperties) = preSolution
		HideSolutionNode = FALSE
	EndGlobalSection
	GlobalSection(ExtensibilityGlobals) = postSolution
		SolutionGuid = {25C5CE6A-AE72-4E52-BE20-2BF5FB86E52C}
	EndGlobalSection
EndGlobal
